{
  "nodes": {
    "nixpkgs": {
      "locked": {
        "lastModified": 1655983783,
        "narHash": "sha256-0h1FzkYWei24IdKNpCX93onkF/FMiXQG8SdEbTc0r8A=",
        "owner": "nixos",
        "repo": "nixpkgs",
        "rev": "6141b8932a5cf376fe18fcd368cecd9ad946cb68",
        "type": "github"
      },
      "original": {
        "owner": "nixos",
        "ref": "nixos-unstable",
        "repo": "nixpkgs",
        "type": "github"
      }
    },
    "root": {
      "inputs": {
        "nixpkgs": "nixpkgs"
      }
    }
  },
  "root": "root",
  "version": 7
}
